// !$*UTF8*$!
{
	archiveVersion = 1;
	classes = {
	};
	objectVersion = 55;
	objects = {

/* Begin PBXBuildFile section */
		9607EEF428297D6C00EB41C8 /* AppDelegate.swift in Sources */ = {isa = PBXBuildFile; fileRef = 9607EEF328297D6C00EB41C8 /* AppDelegate.swift */; };
		9607EEF628297D6C00EB41C8 /* SceneDelegate.swift in Sources */ = {isa = PBXBuildFile; fileRef = 9607EEF528297D6C00EB41C8 /* SceneDelegate.swift */; };
		9607EEFD28297D6F00EB41C8 /* Assets.xcassets in Resources */ = {isa = PBXBuildFile; fileRef = 9607EEFC28297D6F00EB41C8 /* Assets.xcassets */; };
		9607EF0028297D6F00EB41C8 /* LaunchScreen.storyboard in Resources */ = {isa = PBXBuildFile; fileRef = 9607EEFE28297D6F00EB41C8 /* LaunchScreen.storyboard */; };
		9607EF082829FF4800EB41C8 /* SearchViewController.swift in Sources */ = {isa = PBXBuildFile; fileRef = 9607EF072829FF4800EB41C8 /* SearchViewController.swift */; };
		9607EF0A2829FF7400EB41C8 /* FavoriteListViewController.swift in Sources */ = {isa = PBXBuildFile; fileRef = 9607EF092829FF7400EB41C8 /* FavoriteListViewController.swift */; };
		9607EF0C282AFA5200EB41C8 /* GitFollowerButton.swift in Sources */ = {isa = PBXBuildFile; fileRef = 9607EF0B282AFA5200EB41C8 /* GitFollowerButton.swift */; };
		9607EF0E282AFE0400EB41C8 /* GitFollowerTextField.swift in Sources */ = {isa = PBXBuildFile; fileRef = 9607EF0D282AFE0400EB41C8 /* GitFollowerTextField.swift */; };
		9607EF10282B134E00EB41C8 /* FollowersListViewController.swift in Sources */ = {isa = PBXBuildFile; fileRef = 9607EF0F282B134E00EB41C8 /* FollowersListViewController.swift */; };
		9607EF12282B22D600EB41C8 /* String+Ext.swift in Sources */ = {isa = PBXBuildFile; fileRef = 9607EF11282B22D600EB41C8 /* String+Ext.swift */; };
		9607EF14282B437300EB41C8 /* GitFollowersTitleLabel.swift in Sources */ = {isa = PBXBuildFile; fileRef = 9607EF13282B437300EB41C8 /* GitFollowersTitleLabel.swift */; };
		9607EF16282B457400EB41C8 /* GitFollowersBodyLabel.swift in Sources */ = {isa = PBXBuildFile; fileRef = 9607EF15282B457400EB41C8 /* GitFollowersBodyLabel.swift */; };
		9607EF18282B466D00EB41C8 /* GitFollowersAlertViewController.swift in Sources */ = {isa = PBXBuildFile; fileRef = 9607EF17282B466D00EB41C8 /* GitFollowersAlertViewController.swift */; };
		9607EF1A282B596500EB41C8 /* UIViewController+Ext.swift in Sources */ = {isa = PBXBuildFile; fileRef = 9607EF19282B596500EB41C8 /* UIViewController+Ext.swift */; };
		961CA1012830163B007C5CED /* FollowerCell.swift in Sources */ = {isa = PBXBuildFile; fileRef = 961CA1002830163B007C5CED /* FollowerCell.swift */; };
		961CA1032830176A007C5CED /* GitFollowerAvatarImageView.swift in Sources */ = {isa = PBXBuildFile; fileRef = 961CA1022830176A007C5CED /* GitFollowerAvatarImageView.swift */; };
		9642EA63282C6BC5006B87DE /* Follower.swift in Sources */ = {isa = PBXBuildFile; fileRef = 9642EA62282C6BC5006B87DE /* Follower.swift */; };
		9642EA65282C6C89006B87DE /* User.swift in Sources */ = {isa = PBXBuildFile; fileRef = 9642EA64282C6C89006B87DE /* User.swift */; };
		9642EA68282C7DDE006B87DE /* NetworkManager.swift in Sources */ = {isa = PBXBuildFile; fileRef = 9642EA67282C7DDE006B87DE /* NetworkManager.swift */; };
		9642EA6B282C94B5006B87DE /* GitFollowerError.swift in Sources */ = {isa = PBXBuildFile; fileRef = 9642EA6A282C94B5006B87DE /* GitFollowerError.swift */; };
		96908877285185D0001DC1F2 /* UserInfoHeader.swift in Sources */ = {isa = PBXBuildFile; fileRef = 96908876285185D0001DC1F2 /* UserInfoHeader.swift */; };
		969088792851862F001DC1F2 /* SecondaryTitleLabel.swift in Sources */ = {isa = PBXBuildFile; fileRef = 969088782851862F001DC1F2 /* SecondaryTitleLabel.swift */; };
		9690887B2853F77E001DC1F2 /* Constants.swift in Sources */ = {isa = PBXBuildFile; fileRef = 9690887A2853F77E001DC1F2 /* Constants.swift */; };
		9694A23128493B7C007D37B6 /* UserInfoViewController.swift in Sources */ = {isa = PBXBuildFile; fileRef = 9694A23028493B7C007D37B6 /* UserInfoViewController.swift */; };
		9695A68A283838DD00E04374 /* UIHelper.swift in Sources */ = {isa = PBXBuildFile; fileRef = 9695A689283838DD00E04374 /* UIHelper.swift */; };
		96BE2CBB2856A0F8002C3B24 /* Date+Ext.swift in Sources */ = {isa = PBXBuildFile; fileRef = 96BE2CBA2856A0F8002C3B24 /* Date+Ext.swift */; };
		96C942952854161800A8B7B7 /* ItemInfoView.swift in Sources */ = {isa = PBXBuildFile; fileRef = 96C942942854161800A8B7B7 /* ItemInfoView.swift */; };
		96C9429728541AF500A8B7B7 /* ItemInfoViewController.swift in Sources */ = {isa = PBXBuildFile; fileRef = 96C9429628541AF500A8B7B7 /* ItemInfoViewController.swift */; };
		96C942992854D96800A8B7B7 /* RepoItemViewController.swift in Sources */ = {isa = PBXBuildFile; fileRef = 96C942982854D96800A8B7B7 /* RepoItemViewController.swift */; };
		96C9429B2854DB9F00A8B7B7 /* FollowerItemViewController.swift in Sources */ = {isa = PBXBuildFile; fileRef = 96C9429A2854DB9F00A8B7B7 /* FollowerItemViewController.swift */; };
		96F93C15283F10C5007C1900 /* EmptyStateView.swift in Sources */ = {isa = PBXBuildFile; fileRef = 96F93C14283F10C5007C1900 /* EmptyStateView.swift */; };
/* End PBXBuildFile section */

/* Begin PBXFileReference section */
		9607EEF028297D6C00EB41C8 /* GitFollowers.app */ = {isa = PBXFileReference; explicitFileType = wrapper.application; includeInIndex = 0; path = GitFollowers.app; sourceTree = BUILT_PRODUCTS_DIR; };
		9607EEF328297D6C00EB41C8 /* AppDelegate.swift */ = {isa = PBXFileReference; lastKnownFileType = sourcecode.swift; path = AppDelegate.swift; sourceTree = "<group>"; };
		9607EEF528297D6C00EB41C8 /* SceneDelegate.swift */ = {isa = PBXFileReference; lastKnownFileType = sourcecode.swift; path = SceneDelegate.swift; sourceTree = "<group>"; };
		9607EEFC28297D6F00EB41C8 /* Assets.xcassets */ = {isa = PBXFileReference; lastKnownFileType = folder.assetcatalog; path = Assets.xcassets; sourceTree = "<group>"; };
		9607EEFF28297D6F00EB41C8 /* Base */ = {isa = PBXFileReference; lastKnownFileType = file.storyboard; name = Base; path = Base.lproj/LaunchScreen.storyboard; sourceTree = "<group>"; };
		9607EF0128297D6F00EB41C8 /* Info.plist */ = {isa = PBXFileReference; lastKnownFileType = text.plist.xml; path = Info.plist; sourceTree = "<group>"; };
		9607EF072829FF4800EB41C8 /* SearchViewController.swift */ = {isa = PBXFileReference; lastKnownFileType = sourcecode.swift; path = SearchViewController.swift; sourceTree = "<group>"; };
		9607EF092829FF7400EB41C8 /* FavoriteListViewController.swift */ = {isa = PBXFileReference; lastKnownFileType = sourcecode.swift; path = FavoriteListViewController.swift; sourceTree = "<group>"; };
		9607EF0B282AFA5200EB41C8 /* GitFollowerButton.swift */ = {isa = PBXFileReference; lastKnownFileType = sourcecode.swift; path = GitFollowerButton.swift; sourceTree = "<group>"; };
		9607EF0D282AFE0400EB41C8 /* GitFollowerTextField.swift */ = {isa = PBXFileReference; lastKnownFileType = sourcecode.swift; path = GitFollowerTextField.swift; sourceTree = "<group>"; };
		9607EF0F282B134E00EB41C8 /* FollowersListViewController.swift */ = {isa = PBXFileReference; lastKnownFileType = sourcecode.swift; path = FollowersListViewController.swift; sourceTree = "<group>"; };
		9607EF11282B22D600EB41C8 /* String+Ext.swift */ = {isa = PBXFileReference; fileEncoding = 4; lastKnownFileType = sourcecode.swift; path = "String+Ext.swift"; sourceTree = "<group>"; };
		9607EF13282B437300EB41C8 /* GitFollowersTitleLabel.swift */ = {isa = PBXFileReference; lastKnownFileType = sourcecode.swift; path = GitFollowersTitleLabel.swift; sourceTree = "<group>"; };
		9607EF15282B457400EB41C8 /* GitFollowersBodyLabel.swift */ = {isa = PBXFileReference; lastKnownFileType = sourcecode.swift; path = GitFollowersBodyLabel.swift; sourceTree = "<group>"; };
		9607EF17282B466D00EB41C8 /* GitFollowersAlertViewController.swift */ = {isa = PBXFileReference; lastKnownFileType = sourcecode.swift; path = GitFollowersAlertViewController.swift; sourceTree = "<group>"; };
		9607EF19282B596500EB41C8 /* UIViewController+Ext.swift */ = {isa = PBXFileReference; lastKnownFileType = sourcecode.swift; path = "UIViewController+Ext.swift"; sourceTree = "<group>"; };
		961CA1002830163B007C5CED /* FollowerCell.swift */ = {isa = PBXFileReference; lastKnownFileType = sourcecode.swift; path = FollowerCell.swift; sourceTree = "<group>"; };
		961CA1022830176A007C5CED /* GitFollowerAvatarImageView.swift */ = {isa = PBXFileReference; lastKnownFileType = sourcecode.swift; path = GitFollowerAvatarImageView.swift; sourceTree = "<group>"; };
		9642EA62282C6BC5006B87DE /* Follower.swift */ = {isa = PBXFileReference; lastKnownFileType = sourcecode.swift; path = Follower.swift; sourceTree = "<group>"; };
		9642EA64282C6C89006B87DE /* User.swift */ = {isa = PBXFileReference; lastKnownFileType = sourcecode.swift; path = User.swift; sourceTree = "<group>"; };
		9642EA67282C7DDE006B87DE /* NetworkManager.swift */ = {isa = PBXFileReference; lastKnownFileType = sourcecode.swift; path = NetworkManager.swift; sourceTree = "<group>"; };
		9642EA6A282C94B5006B87DE /* GitFollowerError.swift */ = {isa = PBXFileReference; lastKnownFileType = sourcecode.swift; path = GitFollowerError.swift; sourceTree = "<group>"; };
		96908876285185D0001DC1F2 /* UserInfoHeader.swift */ = {isa = PBXFileReference; lastKnownFileType = sourcecode.swift; path = UserInfoHeader.swift; sourceTree = "<group>"; };
		969088782851862F001DC1F2 /* SecondaryTitleLabel.swift */ = {isa = PBXFileReference; lastKnownFileType = sourcecode.swift; path = SecondaryTitleLabel.swift; sourceTree = "<group>"; };
		9690887A2853F77E001DC1F2 /* Constants.swift */ = {isa = PBXFileReference; lastKnownFileType = sourcecode.swift; path = Constants.swift; sourceTree = "<group>"; };
		9694A23028493B7C007D37B6 /* UserInfoViewController.swift */ = {isa = PBXFileReference; lastKnownFileType = sourcecode.swift; path = UserInfoViewController.swift; sourceTree = "<group>"; };
		9695A689283838DD00E04374 /* UIHelper.swift */ = {isa = PBXFileReference; lastKnownFileType = sourcecode.swift; path = UIHelper.swift; sourceTree = "<group>"; };
		96BE2CBA2856A0F8002C3B24 /* Date+Ext.swift */ = {isa = PBXFileReference; lastKnownFileType = sourcecode.swift; path = "Date+Ext.swift"; sourceTree = "<group>"; };
		96C942942854161800A8B7B7 /* ItemInfoView.swift */ = {isa = PBXFileReference; lastKnownFileType = sourcecode.swift; path = ItemInfoView.swift; sourceTree = "<group>"; };
		96C9429628541AF500A8B7B7 /* ItemInfoViewController.swift */ = {isa = PBXFileReference; lastKnownFileType = sourcecode.swift; path = ItemInfoViewController.swift; sourceTree = "<group>"; };
		96C942982854D96800A8B7B7 /* RepoItemViewController.swift */ = {isa = PBXFileReference; lastKnownFileType = sourcecode.swift; path = RepoItemViewController.swift; sourceTree = "<group>"; };
		96C9429A2854DB9F00A8B7B7 /* FollowerItemViewController.swift */ = {isa = PBXFileReference; lastKnownFileType = sourcecode.swift; path = FollowerItemViewController.swift; sourceTree = "<group>"; };
		96F93C14283F10C5007C1900 /* EmptyStateView.swift */ = {isa = PBXFileReference; lastKnownFileType = sourcecode.swift; path = EmptyStateView.swift; sourceTree = "<group>"; };
/* End PBXFileReference section */

/* Begin PBXFrameworksBuildPhase section */
		9607EEED28297D6C00EB41C8 /* Frameworks */ = {
			isa = PBXFrameworksBuildPhase;
			buildActionMask = 2147483647;
			files = (
			);
			runOnlyForDeploymentPostprocessing = 0;
		};
/* End PBXFrameworksBuildPhase section */

/* Begin PBXGroup section */
		9607EEE728297D6C00EB41C8 = {
			isa = PBXGroup;
			children = (
				9607EEF228297D6C00EB41C8 /* GitFollowers */,
				9607EEF128297D6C00EB41C8 /* Products */,
			);
			sourceTree = "<group>";
		};
		9607EEF128297D6C00EB41C8 /* Products */ = {
			isa = PBXGroup;
			children = (
				9607EEF028297D6C00EB41C8 /* GitFollowers.app */,
			);
			name = Products;
			sourceTree = "<group>";
		};
		9607EEF228297D6C00EB41C8 /* GitFollowers */ = {
			isa = PBXGroup;
			children = (
				9642EA69282C949D006B87DE /* Utilities */,
				9642EA66282C7DCD006B87DE /* Managers */,
				9642EA61282C6BB7006B87DE /* Model */,
				9607EF1E282B5FEC00EB41C8 /* Support */,
				9607EF1D282B5F8900EB41C8 /* Extensions */,
				9607EF1C282B5F5100EB41C8 /* Custom Views */,
				9607EF1B282B5F2900EB41C8 /* Screens */,
				9607EEFC28297D6F00EB41C8 /* Assets.xcassets */,
				9607EEFE28297D6F00EB41C8 /* LaunchScreen.storyboard */,
				9607EF0128297D6F00EB41C8 /* Info.plist */,
			);
			path = GitFollowers;
			sourceTree = "<group>";
		};
		9607EF1B282B5F2900EB41C8 /* Screens */ = {
			isa = PBXGroup;
			children = (
				9607EF072829FF4800EB41C8 /* SearchViewController.swift */,
				9607EF092829FF7400EB41C8 /* FavoriteListViewController.swift */,
				9607EF0F282B134E00EB41C8 /* FollowersListViewController.swift */,
				9694A23028493B7C007D37B6 /* UserInfoViewController.swift */,
			);
			path = Screens;
			sourceTree = "<group>";
		};
		9607EF1C282B5F5100EB41C8 /* Custom Views */ = {
			isa = PBXGroup;
			children = (
				96F93C13283F1028007C1900 /* Labels */,
				96F93C12283F1017007C1900 /* ViewControllers */,
				96F93C11283F100C007C1900 /* ImageViews */,
				96F93C10283F0FFF007C1900 /* TextFields */,
				96F93C0F283F0FF8007C1900 /* Buttons */,
				96F93C0E283F0FE9007C1900 /* Views */,
				961CA0FF28301616007C5CED /* Cells */,
			);
			path = "Custom Views";
			sourceTree = "<group>";
		};
		9607EF1D282B5F8900EB41C8 /* Extensions */ = {
			isa = PBXGroup;
			children = (
				9607EF11282B22D600EB41C8 /* String+Ext.swift */,
				9607EF19282B596500EB41C8 /* UIViewController+Ext.swift */,
				96BE2CBA2856A0F8002C3B24 /* Date+Ext.swift */,
			);
			path = Extensions;
			sourceTree = "<group>";
		};
		9607EF1E282B5FEC00EB41C8 /* Support */ = {
			isa = PBXGroup;
			children = (
				9607EEF528297D6C00EB41C8 /* SceneDelegate.swift */,
				9607EEF328297D6C00EB41C8 /* AppDelegate.swift */,
			);
			path = Support;
			sourceTree = "<group>";
		};
		961CA0FF28301616007C5CED /* Cells */ = {
			isa = PBXGroup;
			children = (
				961CA1002830163B007C5CED /* FollowerCell.swift */,
			);
			path = Cells;
			sourceTree = "<group>";
		};
		9642EA61282C6BB7006B87DE /* Model */ = {
			isa = PBXGroup;
			children = (
				9642EA62282C6BC5006B87DE /* Follower.swift */,
				9642EA64282C6C89006B87DE /* User.swift */,
			);
			path = Model;
			sourceTree = "<group>";
		};
		9642EA66282C7DCD006B87DE /* Managers */ = {
			isa = PBXGroup;
			children = (
				9642EA67282C7DDE006B87DE /* NetworkManager.swift */,
			);
			path = Managers;
			sourceTree = "<group>";
		};
		9642EA69282C949D006B87DE /* Utilities */ = {
			isa = PBXGroup;
			children = (
				9642EA6A282C94B5006B87DE /* GitFollowerError.swift */,
				9695A689283838DD00E04374 /* UIHelper.swift */,
				9690887A2853F77E001DC1F2 /* Constants.swift */,
			);
			path = Utilities;
			sourceTree = "<group>";
		};
		96C9429C2854DBEC00A8B7B7 /* Item Info */ = {
			isa = PBXGroup;
			children = (
				96C9429A2854DB9F00A8B7B7 /* FollowerItemViewController.swift */,
				96C942982854D96800A8B7B7 /* RepoItemViewController.swift */,
				96C9429628541AF500A8B7B7 /* ItemInfoViewController.swift */,
			);
			path = "Item Info";
			sourceTree = "<group>";
		};
		96F93C0E283F0FE9007C1900 /* Views */ = {
			isa = PBXGroup;
			children = (
				96F93C14283F10C5007C1900 /* EmptyStateView.swift */,
				96C942942854161800A8B7B7 /* ItemInfoView.swift */,
			);
			path = Views;
			sourceTree = "<group>";
		};
		96F93C0F283F0FF8007C1900 /* Buttons */ = {
			isa = PBXGroup;
			children = (
				9607EF0B282AFA5200EB41C8 /* GitFollowerButton.swift */,
			);
			path = Buttons;
			sourceTree = "<group>";
		};
		96F93C10283F0FFF007C1900 /* TextFields */ = {
			isa = PBXGroup;
			children = (
				9607EF0D282AFE0400EB41C8 /* GitFollowerTextField.swift */,
			);
			path = TextFields;
			sourceTree = "<group>";
		};
		96F93C11283F100C007C1900 /* ImageViews */ = {
			isa = PBXGroup;
			children = (
				961CA1022830176A007C5CED /* GitFollowerAvatarImageView.swift */,
			);
			path = ImageViews;
			sourceTree = "<group>";
		};
		96F93C12283F1017007C1900 /* ViewControllers */ = {
			isa = PBXGroup;
			children = (
				96C9429C2854DBEC00A8B7B7 /* Item Info */,
				9607EF17282B466D00EB41C8 /* GitFollowersAlertViewController.swift */,
				96908876285185D0001DC1F2 /* UserInfoHeader.swift */,
			);
			path = ViewControllers;
			sourceTree = "<group>";
		};
		96F93C13283F1028007C1900 /* Labels */ = {
			isa = PBXGroup;
			children = (
				9607EF15282B457400EB41C8 /* GitFollowersBodyLabel.swift */,
				9607EF13282B437300EB41C8 /* GitFollowersTitleLabel.swift */,
				969088782851862F001DC1F2 /* SecondaryTitleLabel.swift */,
			);
			path = Labels;
			sourceTree = "<group>";
		};
/* End PBXGroup section */

/* Begin PBXNativeTarget section */
		9607EEEF28297D6C00EB41C8 /* GitFollowers */ = {
			isa = PBXNativeTarget;
			buildConfigurationList = 9607EF0428297D6F00EB41C8 /* Build configuration list for PBXNativeTarget "GitFollowers" */;
			buildPhases = (
				9607EEEC28297D6C00EB41C8 /* Sources */,
				9607EEED28297D6C00EB41C8 /* Frameworks */,
				9607EEEE28297D6C00EB41C8 /* Resources */,
			);
			buildRules = (
			);
			dependencies = (
			);
			name = GitFollowers;
			productName = GitFollowers;
			productReference = 9607EEF028297D6C00EB41C8 /* GitFollowers.app */;
			productType = "com.apple.product-type.application";
		};
/* End PBXNativeTarget section */

/* Begin PBXProject section */
		9607EEE828297D6C00EB41C8 /* Project object */ = {
			isa = PBXProject;
			attributes = {
				BuildIndependentTargetsInParallel = 1;
				LastSwiftUpdateCheck = 1330;
				LastUpgradeCheck = 1330;
				TargetAttributes = {
					9607EEEF28297D6C00EB41C8 = {
						CreatedOnToolsVersion = 13.3.1;
					};
				};
			};
			buildConfigurationList = 9607EEEB28297D6C00EB41C8 /* Build configuration list for PBXProject "GitFollowers" */;
			compatibilityVersion = "Xcode 13.0";
			developmentRegion = en;
			hasScannedForEncodings = 0;
			knownRegions = (
				en,
				Base,
			);
			mainGroup = 9607EEE728297D6C00EB41C8;
			productRefGroup = 9607EEF128297D6C00EB41C8 /* Products */;
			projectDirPath = "";
			projectRoot = "";
			targets = (
				9607EEEF28297D6C00EB41C8 /* GitFollowers */,
			);
		};
/* End PBXProject section */

/* Begin PBXResourcesBuildPhase section */
		9607EEEE28297D6C00EB41C8 /* Resources */ = {
			isa = PBXResourcesBuildPhase;
			buildActionMask = 2147483647;
			files = (
				9607EF0028297D6F00EB41C8 /* LaunchScreen.storyboard in Resources */,
				9607EEFD28297D6F00EB41C8 /* Assets.xcassets in Resources */,
			);
			runOnlyForDeploymentPostprocessing = 0;
		};
/* End PBXResourcesBuildPhase section */

/* Begin PBXSourcesBuildPhase section */
		9607EEEC28297D6C00EB41C8 /* Sources */ = {
			isa = PBXSourcesBuildPhase;
			buildActionMask = 2147483647;
			files = (
				9607EF14282B437300EB41C8 /* GitFollowersTitleLabel.swift in Sources */,
				9694A23128493B7C007D37B6 /* UserInfoViewController.swift in Sources */,
				96C9429B2854DB9F00A8B7B7 /* FollowerItemViewController.swift in Sources */,
				9607EF0C282AFA5200EB41C8 /* GitFollowerButton.swift in Sources */,
				96908877285185D0001DC1F2 /* UserInfoHeader.swift in Sources */,
				96F93C15283F10C5007C1900 /* EmptyStateView.swift in Sources */,
				961CA1032830176A007C5CED /* GitFollowerAvatarImageView.swift in Sources */,
				9607EF1A282B596500EB41C8 /* UIViewController+Ext.swift in Sources */,
				96C942952854161800A8B7B7 /* ItemInfoView.swift in Sources */,
				9607EF0A2829FF7400EB41C8 /* FavoriteListViewController.swift in Sources */,
				969088792851862F001DC1F2 /* SecondaryTitleLabel.swift in Sources */,
				9607EF0E282AFE0400EB41C8 /* GitFollowerTextField.swift in Sources */,
				9607EF10282B134E00EB41C8 /* FollowersListViewController.swift in Sources */,
				9642EA65282C6C89006B87DE /* User.swift in Sources */,
				961CA1012830163B007C5CED /* FollowerCell.swift in Sources */,
				9607EF16282B457400EB41C8 /* GitFollowersBodyLabel.swift in Sources */,
				9642EA63282C6BC5006B87DE /* Follower.swift in Sources */,
				96C942992854D96800A8B7B7 /* RepoItemViewController.swift in Sources */,
				9607EF082829FF4800EB41C8 /* SearchViewController.swift in Sources */,
				9607EEF428297D6C00EB41C8 /* AppDelegate.swift in Sources */,
				9607EF12282B22D600EB41C8 /* String+Ext.swift in Sources */,
				96C9429728541AF500A8B7B7 /* ItemInfoViewController.swift in Sources */,
				9642EA6B282C94B5006B87DE /* GitFollowerError.swift in Sources */,
				96BE2CBB2856A0F8002C3B24 /* Date+Ext.swift in Sources */,
				9695A68A283838DD00E04374 /* UIHelper.swift in Sources */,
				9642EA68282C7DDE006B87DE /* NetworkManager.swift in Sources */,
				9607EEF628297D6C00EB41C8 /* SceneDelegate.swift in Sources */,
				9607EF18282B466D00EB41C8 /* GitFollowersAlertViewController.swift in Sources */,
				9690887B2853F77E001DC1F2 /* Constants.swift in Sources */,
			);
			runOnlyForDeploymentPostprocessing = 0;
		};
/* End PBXSourcesBuildPhase section */

/* Begin PBXVariantGroup section */
		9607EEFE28297D6F00EB41C8 /* LaunchScreen.storyboard */ = {
			isa = PBXVariantGroup;
			children = (
				9607EEFF28297D6F00EB41C8 /* Base */,
			);
			name = LaunchScreen.storyboard;
			sourceTree = "<group>";
		};
/* End PBXVariantGroup section */

/* Begin XCBuildConfiguration section */
		9607EF0228297D6F00EB41C8 /* Debug */ = {
			isa = XCBuildConfiguration;
			buildSettings = {
				ALWAYS_SEARCH_USER_PATHS = NO;
				CLANG_ANALYZER_NONNULL = YES;
				CLANG_ANALYZER_NUMBER_OBJECT_CONVERSION = YES_AGGRESSIVE;
				CLANG_CXX_LANGUAGE_STANDARD = "gnu++17";
				CLANG_ENABLE_MODULES = YES;
				CLANG_ENABLE_OBJC_ARC = YES;
				CLANG_ENABLE_OBJC_WEAK = YES;
				CLANG_WARN_BLOCK_CAPTURE_AUTORELEASING = YES;
				CLANG_WARN_BOOL_CONVERSION = YES;
				CLANG_WARN_COMMA = YES;
				CLANG_WARN_CONSTANT_CONVERSION = YES;
				CLANG_WARN_DEPRECATED_OBJC_IMPLEMENTATIONS = YES;
				CLANG_WARN_DIRECT_OBJC_ISA_USAGE = YES_ERROR;
				CLANG_WARN_DOCUMENTATION_COMMENTS = YES;
				CLANG_WARN_EMPTY_BODY = YES;
				CLANG_WARN_ENUM_CONVERSION = YES;
				CLANG_WARN_INFINITE_RECURSION = YES;
				CLANG_WARN_INT_CONVERSION = YES;
				CLANG_WARN_NON_LITERAL_NULL_CONVERSION = YES;
				CLANG_WARN_OBJC_IMPLICIT_RETAIN_SELF = YES;
				CLANG_WARN_OBJC_LITERAL_CONVERSION = YES;
				CLANG_WARN_OBJC_ROOT_CLASS = YES_ERROR;
				CLANG_WARN_QUOTED_INCLUDE_IN_FRAMEWORK_HEADER = YES;
				CLANG_WARN_RANGE_LOOP_ANALYSIS = YES;
				CLANG_WARN_STRICT_PROTOTYPES = YES;
				CLANG_WARN_SUSPICIOUS_MOVE = YES;
				CLANG_WARN_UNGUARDED_AVAILABILITY = YES_AGGRESSIVE;
				CLANG_WARN_UNREACHABLE_CODE = YES;
				CLANG_WARN__DUPLICATE_METHOD_MATCH = YES;
				COPY_PHASE_STRIP = NO;
				DEBUG_INFORMATION_FORMAT = dwarf;
				ENABLE_STRICT_OBJC_MSGSEND = YES;
				ENABLE_TESTABILITY = YES;
				GCC_C_LANGUAGE_STANDARD = gnu11;
				GCC_DYNAMIC_NO_PIC = NO;
				GCC_NO_COMMON_BLOCKS = YES;
				GCC_OPTIMIZATION_LEVEL = 0;
				GCC_PREPROCESSOR_DEFINITIONS = (
					"DEBUG=1",
					"$(inherited)",
				);
				GCC_WARN_64_TO_32_BIT_CONVERSION = YES;
				GCC_WARN_ABOUT_RETURN_TYPE = YES_ERROR;
				GCC_WARN_UNDECLARED_SELECTOR = YES;
				GCC_WARN_UNINITIALIZED_AUTOS = YES_AGGRESSIVE;
				GCC_WARN_UNUSED_FUNCTION = YES;
				GCC_WARN_UNUSED_VARIABLE = YES;
				IPHONEOS_DEPLOYMENT_TARGET = 15.4;
				MTL_ENABLE_DEBUG_INFO = INCLUDE_SOURCE;
				MTL_FAST_MATH = YES;
				ONLY_ACTIVE_ARCH = YES;
				SDKROOT = iphoneos;
				SWIFT_ACTIVE_COMPILATION_CONDITIONS = DEBUG;
				SWIFT_OPTIMIZATION_LEVEL = "-Onone";
			};
			name = Debug;
		};
		9607EF0328297D6F00EB41C8 /* Release */ = {
			isa = XCBuildConfiguration;
			buildSettings = {
				ALWAYS_SEARCH_USER_PATHS = NO;
				CLANG_ANALYZER_NONNULL = YES;
				CLANG_ANALYZER_NUMBER_OBJECT_CONVERSION = YES_AGGRESSIVE;
				CLANG_CXX_LANGUAGE_STANDARD = "gnu++17";
				CLANG_ENABLE_MODULES = YES;
				CLANG_ENABLE_OBJC_ARC = YES;
				CLANG_ENABLE_OBJC_WEAK = YES;
				CLANG_WARN_BLOCK_CAPTURE_AUTORELEASING = YES;
				CLANG_WARN_BOOL_CONVERSION = YES;
				CLANG_WARN_COMMA = YES;
				CLANG_WARN_CONSTANT_CONVERSION = YES;
				CLANG_WARN_DEPRECATED_OBJC_IMPLEMENTATIONS = YES;
				CLANG_WARN_DIRECT_OBJC_ISA_USAGE = YES_ERROR;
				CLANG_WARN_DOCUMENTATION_COMMENTS = YES;
				CLANG_WARN_EMPTY_BODY = YES;
				CLANG_WARN_ENUM_CONVERSION = YES;
				CLANG_WARN_INFINITE_RECURSION = YES;
				CLANG_WARN_INT_CONVERSION = YES;
				CLANG_WARN_NON_LITERAL_NULL_CONVERSION = YES;
				CLANG_WARN_OBJC_IMPLICIT_RETAIN_SELF = YES;
				CLANG_WARN_OBJC_LITERAL_CONVERSION = YES;
				CLANG_WARN_OBJC_ROOT_CLASS = YES_ERROR;
				CLANG_WARN_QUOTED_INCLUDE_IN_FRAMEWORK_HEADER = YES;
				CLANG_WARN_RANGE_LOOP_ANALYSIS = YES;
				CLANG_WARN_STRICT_PROTOTYPES = YES;
				CLANG_WARN_SUSPICIOUS_MOVE = YES;
				CLANG_WARN_UNGUARDED_AVAILABILITY = YES_AGGRESSIVE;
				CLANG_WARN_UNREACHABLE_CODE = YES;
				CLANG_WARN__DUPLICATE_METHOD_MATCH = YES;
				COPY_PHASE_STRIP = NO;
				DEBUG_INFORMATION_FORMAT = "dwarf-with-dsym";
				ENABLE_NS_ASSERTIONS = NO;
				ENABLE_STRICT_OBJC_MSGSEND = YES;
				GCC_C_LANGUAGE_STANDARD = gnu11;
				GCC_NO_COMMON_BLOCKS = YES;
				GCC_WARN_64_TO_32_BIT_CONVERSION = YES;
				GCC_WARN_ABOUT_RETURN_TYPE = YES_ERROR;
				GCC_WARN_UNDECLARED_SELECTOR = YES;
				GCC_WARN_UNINITIALIZED_AUTOS = YES_AGGRESSIVE;
				GCC_WARN_UNUSED_FUNCTION = YES;
				GCC_WARN_UNUSED_VARIABLE = YES;
				IPHONEOS_DEPLOYMENT_TARGET = 15.4;
				MTL_ENABLE_DEBUG_INFO = NO;
				MTL_FAST_MATH = YES;
				SDKROOT = iphoneos;
				SWIFT_COMPILATION_MODE = wholemodule;
				SWIFT_OPTIMIZATION_LEVEL = "-O";
				VALIDATE_PRODUCT = YES;
			};
			name = Release;
		};
		9607EF0528297D6F00EB41C8 /* Debug */ = {
			isa = XCBuildConfiguration;
			buildSettings = {
				ASSETCATALOG_COMPILER_APPICON_NAME = AppIcon;
				ASSETCATALOG_COMPILER_GLOBAL_ACCENT_COLOR_NAME = AccentColor;
				CODE_SIGN_STYLE = Automatic;
				CURRENT_PROJECT_VERSION = 1;
				DEVELOPMENT_TEAM = YK8G6B43GT;
				GENERATE_INFOPLIST_FILE = YES;
				INFOPLIST_FILE = GitFollowers/Info.plist;
				INFOPLIST_KEY_UIApplicationSupportsIndirectInputEvents = YES;
				INFOPLIST_KEY_UILaunchStoryboardName = LaunchScreen;
				INFOPLIST_KEY_UISupportedInterfaceOrientations = UIInterfaceOrientationPortrait;
				INFOPLIST_KEY_UISupportedInterfaceOrientations_iPad = "UIInterfaceOrientationPortrait UIInterfaceOrientationPortraitUpsideDown UIInterfaceOrientationLandscapeLeft UIInterfaceOrientationLandscapeRight";
				INFOPLIST_KEY_UISupportedInterfaceOrientations_iPhone = "UIInterfaceOrientationPortrait UIInterfaceOrientationLandscapeLeft UIInterfaceOrientationLandscapeRight";
				LD_RUNPATH_SEARCH_PATHS = (
					"$(inherited)",
					"@executable_path/Frameworks",
				);
				MARKETING_VERSION = 1.0;
				PRODUCT_BUNDLE_IDENTIFIER = com.rianharshaw.GitFollowers;
				PRODUCT_NAME = "$(TARGET_NAME)";
				SWIFT_EMIT_LOC_STRINGS = YES;
				SWIFT_VERSION = 5.0;
				TARGETED_DEVICE_FAMILY = 1;
			};
			name = Debug;
		};
		9607EF0628297D6F00EB41C8 /* Release */ = {
			isa = XCBuildConfiguration;
			buildSettings = {
				ASSETCATALOG_COMPILER_APPICON_NAME = AppIcon;
				ASSETCATALOG_COMPILER_GLOBAL_ACCENT_COLOR_NAME = AccentColor;
				CODE_SIGN_STYLE = Automatic;
				CURRENT_PROJECT_VERSION = 1;
				DEVELOPMENT_TEAM = YK8G6B43GT;
				GENERATE_INFOPLIST_FILE = YES;
				INFOPLIST_FILE = GitFollowers/Info.plist;
				INFOPLIST_KEY_UIApplicationSupportsIndirectInputEvents = YES;
				INFOPLIST_KEY_UILaunchStoryboardName = LaunchScreen;
				INFOPLIST_KEY_UISupportedInterfaceOrientations = UIInterfaceOrientationPortrait;
				INFOPLIST_KEY_UISupportedInterfaceOrientations_iPad = "UIInterfaceOrientationPortrait UIInterfaceOrientationPortraitUpsideDown UIInterfaceOrientationLandscapeLeft UIInterfaceOrientationLandscapeRight";
				INFOPLIST_KEY_UISupportedInterfaceOrientations_iPhone = "UIInterfaceOrientationPortrait UIInterfaceOrientationLandscapeLeft UIInterfaceOrientationLandscapeRight";
				LD_RUNPATH_SEARCH_PATHS = (
					"$(inherited)",
					"@executable_path/Frameworks",
				);
				MARKETING_VERSION = 1.0;
				PRODUCT_BUNDLE_IDENTIFIER = com.rianharshaw.GitFollowers;
				PRODUCT_NAME = "$(TARGET_NAME)";
				SWIFT_EMIT_LOC_STRINGS = YES;
				SWIFT_VERSION = 5.0;
				TARGETED_DEVICE_FAMILY = 1;
			};
			name = Release;
		};
/* End XCBuildConfiguration section */

/* Begin XCConfigurationList section */
		9607EEEB28297D6C00EB41C8 /* Build configuration list for PBXProject "GitFollowers" */ = {
			isa = XCConfigurationList;
			buildConfigurations = (
				9607EF0228297D6F00EB41C8 /* Debug */,
				9607EF0328297D6F00EB41C8 /* Release */,
			);
			defaultConfigurationIsVisible = 0;
			defaultConfigurationName = Release;
		};
		9607EF0428297D6F00EB41C8 /* Build configuration list for PBXNativeTarget "GitFollowers" */ = {
			isa = XCConfigurationList;
			buildConfigurations = (
				9607EF0528297D6F00EB41C8 /* Debug */,
				9607EF0628297D6F00EB41C8 /* Release */,
			);
			defaultConfigurationIsVisible = 0;
			defaultConfigurationName = Release;
		};
/* End XCConfigurationList section */
	};
	rootObject = 9607EEE828297D6C00EB41C8 /* Project object */;
}
